
Microsoft Visual Studio Solution File, Format Version 12.00
# Visual Studio Version 16
VisualStudioVersion = 16.0.29721.120
MinimumVisualStudioVersion = 10.0.40219.1
Project("{2150E333-8FDC-42A3-9474-1A3956D46DE8}") = "Common", "Common", "{F79D3306-2D64-4D43-B1BF-A90FDDB7BF9C}"
	ProjectSection(SolutionItems) = preProject
		src\BackingServices\Eventing.Abstractions\CoreXF.png = src\BackingServices\Eventing.Abstractions\CoreXF.png
		CoreXF.sln.licenseheader = CoreXF.sln.licenseheader
	EndProjectSection
EndProject
Project("{2150E333-8FDC-42A3-9474-1A3956D46DE8}") = "Solution Items", "Solution Items", "{0F86CE13-4C2D-4C4D-B225-4E6E6DC3BE82}"
	ProjectSection(SolutionItems) = preProject
		.editorconfig = .editorconfig
		.gitignore = .gitignore
		_config.yml = _config.yml
		CoreXF.sln.licenseheader = CoreXF.sln.licenseheader
		notes.notey = notes.notey
		README.md = README.md
	EndProjectSection
EndProject
Project("{2150E333-8FDC-42A3-9474-1A3956D46DE8}") = "Demos", "Demos", "{E8C5D3D9-594A-45FB-9DFE-28030B77EA56}"
EndProject
Project("{2150E333-8FDC-42A3-9474-1A3956D46DE8}") = "Extensions.WebAPI", "Extensions.WebAPI", "{B22E8D23-56E9-475E-BA3F-801F53CEB9DC}"
EndProject
Project("{9A19103F-16F7-4668-BE54-9A1E7A4F7556}") = "WebApiExt1", "Demos\Extensions.WebAPI\WebAPIext1\WebApiExt1.csproj", "{CDF84A86-48C7-4145-A750-DADA15AB4FBA}"
EndProject
Project("{9A19103F-16F7-4668-BE54-9A1E7A4F7556}") = "WebAplExt2", "Demos\Extensions.WebAPI\WebAplExt2\WebAplExt2.csproj", "{27B1F17F-CFA4-4992-BA7F-7BCD5F3A83C3}"
EndProject
Project("{9A19103F-16F7-4668-BE54-9A1E7A4F7556}") = "CoreXF.Abstractions", "src\Abstractions\CoreXF.Abstractions.csproj", "{2B7EF87E-4F27-411D-B055-1EC95789D10D}"
EndProject
Project("{9A19103F-16F7-4668-BE54-9A1E7A4F7556}") = "CoreXF.Framework", "src\Framework\CoreXF.Framework.csproj", "{890F27F3-573D-45B4-AD98-331A91A99607}"
EndProject
Project("{9A19103F-16F7-4668-BE54-9A1E7A4F7556}") = "CoreXF.WebApiHost", "src\WebApiHost\CoreXF.WebApiHost.csproj", "{C8AE3FAE-487A-4749-929B-6D27079A6C5E}"
EndProject
Project("{9A19103F-16F7-4668-BE54-9A1E7A4F7556}") = "HostApp5.WebApi", "Demos\HostApp5.WebApi\HostApp5.WebApi.csproj", "{84A310B0-14E7-4AAD-862F-4EE677C180B7}"
EndProject
Project("{9A19103F-16F7-4668-BE54-9A1E7A4F7556}") = "NuGet.Publisher", "NuGet.Publisher\NuGet.Publisher.csproj", "{96B1C8B5-7554-4080-9210-B1C1DE4958E4}"
EndProject
Project("{2150E333-8FDC-42A3-9474-1A3956D46DE8}") = "Tests", "Tests", "{410759CC-1813-4BEA-AF92-F604D57424B7}"
EndProject
Project("{FAE04EC0-301F-11D3-BF4B-00C04F79EFBC}") = "HostApp.WebApi", "Demos\HostApp.WebApi\HostApp.WebApi.csproj", "{672AF35D-9AE5-46C9-B56E-8A5B41D82295}"
EndProject
Global
	GlobalSection(SolutionConfigurationPlatforms) = preSolution
		Debug|Any CPU = Debug|Any CPU
		Release|Any CPU = Release|Any CPU
	EndGlobalSection
	GlobalSection(ProjectConfigurationPlatforms) = postSolution
		{CDF84A86-48C7-4145-A750-DADA15AB4FBA}.Debug|Any CPU.ActiveCfg = Debug|Any CPU
		{CDF84A86-48C7-4145-A750-DADA15AB4FBA}.Debug|Any CPU.Build.0 = Debug|Any CPU
		{CDF84A86-48C7-4145-A750-DADA15AB4FBA}.Release|Any CPU.ActiveCfg = Release|Any CPU
		{CDF84A86-48C7-4145-A750-DADA15AB4FBA}.Release|Any CPU.Build.0 = Release|Any CPU
		{27B1F17F-CFA4-4992-BA7F-7BCD5F3A83C3}.Debug|Any CPU.ActiveCfg = Debug|Any CPU
		{27B1F17F-CFA4-4992-BA7F-7BCD5F3A83C3}.Debug|Any CPU.Build.0 = Debug|Any CPU
		{27B1F17F-CFA4-4992-BA7F-7BCD5F3A83C3}.Release|Any CPU.ActiveCfg = Release|Any CPU
		{27B1F17F-CFA4-4992-BA7F-7BCD5F3A83C3}.Release|Any CPU.Build.0 = Release|Any CPU
		{2B7EF87E-4F27-411D-B055-1EC95789D10D}.Debug|Any CPU.ActiveCfg = Debug|Any CPU
		{2B7EF87E-4F27-411D-B055-1EC95789D10D}.Debug|Any CPU.Build.0 = Debug|Any CPU
		{2B7EF87E-4F27-411D-B055-1EC95789D10D}.Release|Any CPU.ActiveCfg = Release|Any CPU
		{2B7EF87E-4F27-411D-B055-1EC95789D10D}.Release|Any CPU.Build.0 = Release|Any CPU
		{890F27F3-573D-45B4-AD98-331A91A99607}.Debug|Any CPU.ActiveCfg = Debug|Any CPU
		{890F27F3-573D-45B4-AD98-331A91A99607}.Debug|Any CPU.Build.0 = Debug|Any CPU
		{890F27F3-573D-45B4-AD98-331A91A99607}.Release|Any CPU.ActiveCfg = Release|Any CPU
		{890F27F3-573D-45B4-AD98-331A91A99607}.Release|Any CPU.Build.0 = Release|Any CPU
		{C8AE3FAE-487A-4749-929B-6D27079A6C5E}.Debug|Any CPU.ActiveCfg = Debug|Any CPU
		{C8AE3FAE-487A-4749-929B-6D27079A6C5E}.Debug|Any CPU.Build.0 = Debug|Any CPU
		{C8AE3FAE-487A-4749-929B-6D27079A6C5E}.Release|Any CPU.ActiveCfg = Release|Any CPU
		{C8AE3FAE-487A-4749-929B-6D27079A6C5E}.Release|Any CPU.Build.0 = Release|Any CPU
		{84A310B0-14E7-4AAD-862F-4EE677C180B7}.Debug|Any CPU.ActiveCfg = Debug|Any CPU
		{84A310B0-14E7-4AAD-862F-4EE677C180B7}.Debug|Any CPU.Build.0 = Debug|Any CPU
		{84A310B0-14E7-4AAD-862F-4EE677C180B7}.Release|Any CPU.ActiveCfg = Release|Any CPU
		{84A310B0-14E7-4AAD-862F-4EE677C180B7}.Release|Any CPU.Build.0 = Release|Any CPU
		{96B1C8B5-7554-4080-9210-B1C1DE4958E4}.Debug|Any CPU.ActiveCfg = Debug|Any CPU
		{96B1C8B5-7554-4080-9210-B1C1DE4958E4}.Debug|Any CPU.Build.0 = Debug|Any CPU
		{96B1C8B5-7554-4080-9210-B1C1DE4958E4}.Release|Any CPU.ActiveCfg = Release|Any CPU
		{96B1C8B5-7554-4080-9210-B1C1DE4958E4}.Release|Any CPU.Build.0 = Release|Any CPU
		{672AF35D-9AE5-46C9-B56E-8A5B41D82295}.Debug|Any CPU.ActiveCfg = Debug|Any CPU
		{672AF35D-9AE5-46C9-B56E-8A5B41D82295}.Debug|Any CPU.Build.0 = Debug|Any CPU
		{672AF35D-9AE5-46C9-B56E-8A5B41D82295}.Release|Any CPU.ActiveCfg = Release|Any CPU
		{672AF35D-9AE5-46C9-B56E-8A5B41D82295}.Release|Any CPU.Build.0 = Release|Any CPU
	EndGlobalSection
	GlobalSection(SolutionProperties) = preSolution
		HideSolutionNode = FALSE
	EndGlobalSection
	GlobalSection(NestedProjects) = preSolution
		{B22E8D23-56E9-475E-BA3F-801F53CEB9DC} = {E8C5D3D9-594A-45FB-9DFE-28030B77EA56}
		{CDF84A86-48C7-4145-A750-DADA15AB4FBA} = {B22E8D23-56E9-475E-BA3F-801F53CEB9DC}
		{27B1F17F-CFA4-4992-BA7F-7BCD5F3A83C3} = {B22E8D23-56E9-475E-BA3F-801F53CEB9DC}
		{84A310B0-14E7-4AAD-862F-4EE677C180B7} = {E8C5D3D9-594A-45FB-9DFE-28030B77EA56}
		{672AF35D-9AE5-46C9-B56E-8A5B41D82295} = {E8C5D3D9-594A-45FB-9DFE-28030B77EA56}
	EndGlobalSection
	GlobalSection(ExtensibilityGlobals) = postSolution
		SolutionGuid = {5D088720-A349-41E3-AC67-7203C07EB67E}
	EndGlobalSection
EndGlobal
