
Microsoft Visual Studio Solution File, Format Version 12.00
# Visual Studio Version 16
VisualStudioVersion = 16.0.29721.120
MinimumVisualStudioVersion = 10.0.40219.1
Project("{2150E333-8FDC-42A3-9474-1A3956D46DE8}") = "Common", "Common", "{F79D3306-2D64-4D43-B1BF-A90FDDB7BF9C}"
	ProjectSection(SolutionItems) = preProject
		Common\CoreXF.png = Common\CoreXF.png
		CoreXF.sln.licenseheader = CoreXF.sln.licenseheader
	EndProjectSection
EndProject
Project("{2150E333-8FDC-42A3-9474-1A3956D46DE8}") = "BackingServices", "BackingServices", "{BDFAC94E-C6D9-49EF-A529-3A79901E2C3D}"
EndProject
Project("{9A19103F-16F7-4668-BE54-9A1E7A4F7556}") = "CoreXF.Eventing", "BackingServices\Eventing\CoreXF.Eventing.csproj", "{E23216F9-29DC-4C4D-906A-BF2EFBA7A142}"
EndProject
Project("{9A19103F-16F7-4668-BE54-9A1E7A4F7556}") = "CoreXF.Eventing.Abstractions", "BackingServices\Eventing.Abstractions\CoreXF.Eventing.Abstractions.csproj", "{866AD482-D461-46E0-8197-D8C60C1B3795}"
EndProject
Project("{2150E333-8FDC-42A3-9474-1A3956D46DE8}") = "Solution Items", "Solution Items", "{0F86CE13-4C2D-4C4D-B225-4E6E6DC3BE82}"
	ProjectSection(SolutionItems) = preProject
		.editorconfig = .editorconfig
	EndProjectSection
EndProject
Project("{2150E333-8FDC-42A3-9474-1A3956D46DE8}") = "Demos", "Demos", "{E8C5D3D9-594A-45FB-9DFE-28030B77EA56}"
EndProject
Project("{2150E333-8FDC-42A3-9474-1A3956D46DE8}") = "Extensions", "Extensions", "{19855FFF-F06F-4355-9B98-8836F72B3F46}"
EndProject
Project("{2150E333-8FDC-42A3-9474-1A3956D46DE8}") = "Extensions.WebAPI", "Extensions.WebAPI", "{B22E8D23-56E9-475E-BA3F-801F53CEB9DC}"
EndProject
Project("{9A19103F-16F7-4668-BE54-9A1E7A4F7556}") = "ConsoleAppExtension", "Demos\Extensions\ConsoleAppExtension\ConsoleAppExtension.csproj", "{6639DF48-884B-447F-AF0A-808E4EB80873}"
EndProject
Project("{9A19103F-16F7-4668-BE54-9A1E7A4F7556}") = "Extension1", "Demos\Extensions\Extension1\Extension1.csproj", "{292332DC-F0C5-4F2F-8EC2-193CA51D182B}"
EndProject
Project("{9A19103F-16F7-4668-BE54-9A1E7A4F7556}") = "Extension2", "Demos\Extensions\Extension2\Extension2.csproj", "{30651442-3761-4386-99F8-0D4491AFB8E3}"
EndProject
Project("{9A19103F-16F7-4668-BE54-9A1E7A4F7556}") = "Extension4", "Demos\Extensions\Extension4\Extension4.csproj", "{0BEC23E4-F533-4159-ADFF-657F7ABAE92F}"
EndProject
Project("{9A19103F-16F7-4668-BE54-9A1E7A4F7556}") = "NotAnExtensionWebApp", "Demos\Extensions\NotAnExtensionWebApp\NotAnExtensionWebApp.csproj", "{CAE11AEA-731C-4F4A-A5D5-134AEC742799}"
EndProject
Project("{9A19103F-16F7-4668-BE54-9A1E7A4F7556}") = "ServiceExporter", "Demos\Extensions\ServiceExporter\ServiceExporter.csproj", "{6B2401DF-AA33-4A66-AB10-8B7E090279D9}"
EndProject
Project("{9A19103F-16F7-4668-BE54-9A1E7A4F7556}") = "WebApiExt1", "Demos\Extensions.WebAPI\WebAPIext1\WebApiExt1.csproj", "{CDF84A86-48C7-4145-A750-DADA15AB4FBA}"
EndProject
Project("{9A19103F-16F7-4668-BE54-9A1E7A4F7556}") = "WebAplExt2", "Demos\Extensions.WebAPI\WebAplExt2\WebAplExt2.csproj", "{27B1F17F-CFA4-4992-BA7F-7BCD5F3A83C3}"
EndProject
Project("{9A19103F-16F7-4668-BE54-9A1E7A4F7556}") = "HostApp31", "Demos\HostApp31\HostApp31.csproj", "{7B81FE01-867D-4A31-A7A3-E20709FB2E48}"
EndProject
Project("{9A19103F-16F7-4668-BE54-9A1E7A4F7556}") = "HostApp5", "Demos\HostApp5\HostApp5.csproj", "{04BA2271-C11B-401A-BE07-E7DD9D2C0997}"
EndProject
Project("{9A19103F-16F7-4668-BE54-9A1E7A4F7556}") = "CoreXF.Abstractions", "src\Abstractions\CoreXF.Abstractions.csproj", "{2B7EF87E-4F27-411D-B055-1EC95789D10D}"
EndProject
Project("{9A19103F-16F7-4668-BE54-9A1E7A4F7556}") = "CoreXF.Framework", "src\Framework\CoreXF.Framework.csproj", "{890F27F3-573D-45B4-AD98-331A91A99607}"
EndProject
Project("{9A19103F-16F7-4668-BE54-9A1E7A4F7556}") = "CoreXF.WebApiHost", "src\WebApiHost\CoreXF.WebApiHost.csproj", "{C8AE3FAE-487A-4749-929B-6D27079A6C5E}"
EndProject
Project("{9A19103F-16F7-4668-BE54-9A1E7A4F7556}") = "DateTimeService", "Demos\DateTimeService\DateTimeService.csproj", "{CCD4DFD2-D3F9-410D-8935-8CE12E25C1C0}"
EndProject
Project("{9A19103F-16F7-4668-BE54-9A1E7A4F7556}") = "HostApp5.WebApi", "Demos\HostApp5.WebApi\HostApp5.WebApi.csproj", "{84A310B0-14E7-4AAD-862F-4EE677C180B7}"
EndProject
Project("{9A19103F-16F7-4668-BE54-9A1E7A4F7556}") = "NuGet.Publisher", "NuGet.Publisher\NuGet.Publisher.csproj", "{96B1C8B5-7554-4080-9210-B1C1DE4958E4}"
EndProject
Global
	GlobalSection(SolutionConfigurationPlatforms) = preSolution
		Debug|Any CPU = Debug|Any CPU
		Release|Any CPU = Release|Any CPU
	EndGlobalSection
	GlobalSection(ProjectConfigurationPlatforms) = postSolution
		{E23216F9-29DC-4C4D-906A-BF2EFBA7A142}.Debug|Any CPU.ActiveCfg = Debug|Any CPU
		{E23216F9-29DC-4C4D-906A-BF2EFBA7A142}.Debug|Any CPU.Build.0 = Debug|Any CPU
		{E23216F9-29DC-4C4D-906A-BF2EFBA7A142}.Release|Any CPU.ActiveCfg = Release|Any CPU
		{E23216F9-29DC-4C4D-906A-BF2EFBA7A142}.Release|Any CPU.Build.0 = Release|Any CPU
		{866AD482-D461-46E0-8197-D8C60C1B3795}.Debug|Any CPU.ActiveCfg = Debug|Any CPU
		{866AD482-D461-46E0-8197-D8C60C1B3795}.Debug|Any CPU.Build.0 = Debug|Any CPU
		{866AD482-D461-46E0-8197-D8C60C1B3795}.Release|Any CPU.ActiveCfg = Release|Any CPU
		{866AD482-D461-46E0-8197-D8C60C1B3795}.Release|Any CPU.Build.0 = Release|Any CPU
		{6639DF48-884B-447F-AF0A-808E4EB80873}.Debug|Any CPU.ActiveCfg = Debug|Any CPU
		{6639DF48-884B-447F-AF0A-808E4EB80873}.Release|Any CPU.ActiveCfg = Release|Any CPU
		{6639DF48-884B-447F-AF0A-808E4EB80873}.Release|Any CPU.Build.0 = Release|Any CPU
		{292332DC-F0C5-4F2F-8EC2-193CA51D182B}.Debug|Any CPU.ActiveCfg = Debug|Any CPU
		{292332DC-F0C5-4F2F-8EC2-193CA51D182B}.Release|Any CPU.ActiveCfg = Release|Any CPU
		{292332DC-F0C5-4F2F-8EC2-193CA51D182B}.Release|Any CPU.Build.0 = Release|Any CPU
		{30651442-3761-4386-99F8-0D4491AFB8E3}.Debug|Any CPU.ActiveCfg = Debug|Any CPU
		{30651442-3761-4386-99F8-0D4491AFB8E3}.Release|Any CPU.ActiveCfg = Release|Any CPU
		{30651442-3761-4386-99F8-0D4491AFB8E3}.Release|Any CPU.Build.0 = Release|Any CPU
		{0BEC23E4-F533-4159-ADFF-657F7ABAE92F}.Debug|Any CPU.ActiveCfg = Debug|Any CPU
		{0BEC23E4-F533-4159-ADFF-657F7ABAE92F}.Release|Any CPU.ActiveCfg = Release|Any CPU
		{0BEC23E4-F533-4159-ADFF-657F7ABAE92F}.Release|Any CPU.Build.0 = Release|Any CPU
		{CAE11AEA-731C-4F4A-A5D5-134AEC742799}.Debug|Any CPU.ActiveCfg = Debug|Any CPU
		{CAE11AEA-731C-4F4A-A5D5-134AEC742799}.Release|Any CPU.ActiveCfg = Release|Any CPU
		{CAE11AEA-731C-4F4A-A5D5-134AEC742799}.Release|Any CPU.Build.0 = Release|Any CPU
		{6B2401DF-AA33-4A66-AB10-8B7E090279D9}.Debug|Any CPU.ActiveCfg = Debug|Any CPU
		{6B2401DF-AA33-4A66-AB10-8B7E090279D9}.Release|Any CPU.ActiveCfg = Release|Any CPU
		{6B2401DF-AA33-4A66-AB10-8B7E090279D9}.Release|Any CPU.Build.0 = Release|Any CPU
		{CDF84A86-48C7-4145-A750-DADA15AB4FBA}.Debug|Any CPU.ActiveCfg = Debug|Any CPU
		{CDF84A86-48C7-4145-A750-DADA15AB4FBA}.Debug|Any CPU.Build.0 = Debug|Any CPU
		{CDF84A86-48C7-4145-A750-DADA15AB4FBA}.Release|Any CPU.ActiveCfg = Release|Any CPU
		{CDF84A86-48C7-4145-A750-DADA15AB4FBA}.Release|Any CPU.Build.0 = Release|Any CPU
		{27B1F17F-CFA4-4992-BA7F-7BCD5F3A83C3}.Debug|Any CPU.ActiveCfg = Debug|Any CPU
		{27B1F17F-CFA4-4992-BA7F-7BCD5F3A83C3}.Debug|Any CPU.Build.0 = Debug|Any CPU
		{27B1F17F-CFA4-4992-BA7F-7BCD5F3A83C3}.Release|Any CPU.ActiveCfg = Release|Any CPU
		{27B1F17F-CFA4-4992-BA7F-7BCD5F3A83C3}.Release|Any CPU.Build.0 = Release|Any CPU
		{7B81FE01-867D-4A31-A7A3-E20709FB2E48}.Debug|Any CPU.ActiveCfg = Debug|Any CPU
		{7B81FE01-867D-4A31-A7A3-E20709FB2E48}.Release|Any CPU.ActiveCfg = Release|Any CPU
		{7B81FE01-867D-4A31-A7A3-E20709FB2E48}.Release|Any CPU.Build.0 = Release|Any CPU
		{04BA2271-C11B-401A-BE07-E7DD9D2C0997}.Debug|Any CPU.ActiveCfg = Debug|Any CPU
		{04BA2271-C11B-401A-BE07-E7DD9D2C0997}.Release|Any CPU.ActiveCfg = Release|Any CPU
		{04BA2271-C11B-401A-BE07-E7DD9D2C0997}.Release|Any CPU.Build.0 = Release|Any CPU
		{2B7EF87E-4F27-411D-B055-1EC95789D10D}.Debug|Any CPU.ActiveCfg = Debug|Any CPU
		{2B7EF87E-4F27-411D-B055-1EC95789D10D}.Debug|Any CPU.Build.0 = Debug|Any CPU
		{2B7EF87E-4F27-411D-B055-1EC95789D10D}.Release|Any CPU.ActiveCfg = Release|Any CPU
		{2B7EF87E-4F27-411D-B055-1EC95789D10D}.Release|Any CPU.Build.0 = Release|Any CPU
		{890F27F3-573D-45B4-AD98-331A91A99607}.Debug|Any CPU.ActiveCfg = Debug|Any CPU
		{890F27F3-573D-45B4-AD98-331A91A99607}.Debug|Any CPU.Build.0 = Debug|Any CPU
		{890F27F3-573D-45B4-AD98-331A91A99607}.Release|Any CPU.ActiveCfg = Release|Any CPU
		{890F27F3-573D-45B4-AD98-331A91A99607}.Release|Any CPU.Build.0 = Release|Any CPU
		{C8AE3FAE-487A-4749-929B-6D27079A6C5E}.Debug|Any CPU.ActiveCfg = Debug|Any CPU
		{C8AE3FAE-487A-4749-929B-6D27079A6C5E}.Debug|Any CPU.Build.0 = Debug|Any CPU
		{C8AE3FAE-487A-4749-929B-6D27079A6C5E}.Release|Any CPU.ActiveCfg = Release|Any CPU
		{C8AE3FAE-487A-4749-929B-6D27079A6C5E}.Release|Any CPU.Build.0 = Release|Any CPU
		{CCD4DFD2-D3F9-410D-8935-8CE12E25C1C0}.Debug|Any CPU.ActiveCfg = Debug|Any CPU
		{CCD4DFD2-D3F9-410D-8935-8CE12E25C1C0}.Release|Any CPU.ActiveCfg = Release|Any CPU
		{CCD4DFD2-D3F9-410D-8935-8CE12E25C1C0}.Release|Any CPU.Build.0 = Release|Any CPU
		{84A310B0-14E7-4AAD-862F-4EE677C180B7}.Debug|Any CPU.ActiveCfg = Debug|Any CPU
		{84A310B0-14E7-4AAD-862F-4EE677C180B7}.Debug|Any CPU.Build.0 = Debug|Any CPU
		{84A310B0-14E7-4AAD-862F-4EE677C180B7}.Release|Any CPU.ActiveCfg = Release|Any CPU
		{84A310B0-14E7-4AAD-862F-4EE677C180B7}.Release|Any CPU.Build.0 = Release|Any CPU
		{96B1C8B5-7554-4080-9210-B1C1DE4958E4}.Debug|Any CPU.ActiveCfg = Debug|Any CPU
		{96B1C8B5-7554-4080-9210-B1C1DE4958E4}.Debug|Any CPU.Build.0 = Debug|Any CPU
		{96B1C8B5-7554-4080-9210-B1C1DE4958E4}.Release|Any CPU.ActiveCfg = Release|Any CPU
		{96B1C8B5-7554-4080-9210-B1C1DE4958E4}.Release|Any CPU.Build.0 = Release|Any CPU
	EndGlobalSection
	GlobalSection(SolutionProperties) = preSolution
		HideSolutionNode = FALSE
	EndGlobalSection
	GlobalSection(NestedProjects) = preSolution
		{E23216F9-29DC-4C4D-906A-BF2EFBA7A142} = {BDFAC94E-C6D9-49EF-A529-3A79901E2C3D}
		{866AD482-D461-46E0-8197-D8C60C1B3795} = {BDFAC94E-C6D9-49EF-A529-3A79901E2C3D}
		{19855FFF-F06F-4355-9B98-8836F72B3F46} = {E8C5D3D9-594A-45FB-9DFE-28030B77EA56}
		{B22E8D23-56E9-475E-BA3F-801F53CEB9DC} = {E8C5D3D9-594A-45FB-9DFE-28030B77EA56}
		{6639DF48-884B-447F-AF0A-808E4EB80873} = {19855FFF-F06F-4355-9B98-8836F72B3F46}
		{292332DC-F0C5-4F2F-8EC2-193CA51D182B} = {19855FFF-F06F-4355-9B98-8836F72B3F46}
		{30651442-3761-4386-99F8-0D4491AFB8E3} = {19855FFF-F06F-4355-9B98-8836F72B3F46}
		{0BEC23E4-F533-4159-ADFF-657F7ABAE92F} = {19855FFF-F06F-4355-9B98-8836F72B3F46}
		{CAE11AEA-731C-4F4A-A5D5-134AEC742799} = {19855FFF-F06F-4355-9B98-8836F72B3F46}
		{6B2401DF-AA33-4A66-AB10-8B7E090279D9} = {19855FFF-F06F-4355-9B98-8836F72B3F46}
		{CDF84A86-48C7-4145-A750-DADA15AB4FBA} = {B22E8D23-56E9-475E-BA3F-801F53CEB9DC}
		{27B1F17F-CFA4-4992-BA7F-7BCD5F3A83C3} = {B22E8D23-56E9-475E-BA3F-801F53CEB9DC}
		{7B81FE01-867D-4A31-A7A3-E20709FB2E48} = {E8C5D3D9-594A-45FB-9DFE-28030B77EA56}
		{04BA2271-C11B-401A-BE07-E7DD9D2C0997} = {E8C5D3D9-594A-45FB-9DFE-28030B77EA56}
		{CCD4DFD2-D3F9-410D-8935-8CE12E25C1C0} = {E8C5D3D9-594A-45FB-9DFE-28030B77EA56}
		{84A310B0-14E7-4AAD-862F-4EE677C180B7} = {E8C5D3D9-594A-45FB-9DFE-28030B77EA56}
	EndGlobalSection
	GlobalSection(ExtensibilityGlobals) = postSolution
		SolutionGuid = {5D088720-A349-41E3-AC67-7203C07EB67E}
	EndGlobalSection
EndGlobal
