
Microsoft Visual Studio Solution File, Format Version 12.00
# Visual Studio Version 16
VisualStudioVersion = 16.0.29721.120
MinimumVisualStudioVersion = 10.0.40219.1
Project("{2150E333-8FDC-42A3-9474-1A3956D46DE8}") = "Demos", "Demos", "{C332B189-960C-4708-BF8C-3286453BE231}"
EndProject
Project("{2150E333-8FDC-42A3-9474-1A3956D46DE8}") = "Extensions", "Extensions", "{F62965BE-8E05-408D-AB1D-40D98CA65B29}"
EndProject
Project("{2150E333-8FDC-42A3-9474-1A3956D46DE8}") = "Common", "Common", "{F79D3306-2D64-4D43-B1BF-A90FDDB7BF9C}"
	ProjectSection(SolutionItems) = preProject
		Common\CoreXF.png = Common\CoreXF.png
		CoreXF.sln.licenseheader = CoreXF.sln.licenseheader
	EndProjectSection
EndProject
Project("{2150E333-8FDC-42A3-9474-1A3956D46DE8}") = "Common", "Common", "{76063571-A968-4210-AA4A-83D065675D6F}"
EndProject
Project("{9A19103F-16F7-4668-BE54-9A1E7A4F7556}") = "CoreXF.Abstractions", "Abstractions\CoreXF.Abstractions.csproj", "{0A6FBE88-4733-4243-AFB5-D75034F1FF7A}"
EndProject
Project("{9A19103F-16F7-4668-BE54-9A1E7A4F7556}") = "CoreXF.WebAPI", "WebAPI\CoreXF.WebAPI.csproj", "{9CC65F37-801F-4FE5-A660-6941BDDE0334}"
EndProject
Project("{FAE04EC0-301F-11D3-BF4B-00C04F79EFBC}") = "HostApp", "Demos\HostApp\HostApp.csproj", "{FED52265-92E5-41F0-8CB0-BF394988315B}"
EndProject
Project("{FAE04EC0-301F-11D3-BF4B-00C04F79EFBC}") = "WebApiExt1", "Demos\Extensions\WebAPIext1\WebApiExt1.csproj", "{8BC53A33-111F-4E6A-99B7-4E0C3E5F9D80}"
EndProject
Project("{FAE04EC0-301F-11D3-BF4B-00C04F79EFBC}") = "WebAplExt2", "Demos\Extensions\WebAplExt2\WebAplExt2.csproj", "{C5383C50-2520-4E97-9D28-BE43559082B8}"
EndProject
Global
	GlobalSection(SolutionConfigurationPlatforms) = preSolution
		Debug|Any CPU = Debug|Any CPU
		Release|Any CPU = Release|Any CPU
	EndGlobalSection
	GlobalSection(ProjectConfigurationPlatforms) = postSolution
		{0A6FBE88-4733-4243-AFB5-D75034F1FF7A}.Debug|Any CPU.ActiveCfg = Debug|Any CPU
		{0A6FBE88-4733-4243-AFB5-D75034F1FF7A}.Debug|Any CPU.Build.0 = Debug|Any CPU
		{0A6FBE88-4733-4243-AFB5-D75034F1FF7A}.Release|Any CPU.ActiveCfg = Release|Any CPU
		{0A6FBE88-4733-4243-AFB5-D75034F1FF7A}.Release|Any CPU.Build.0 = Release|Any CPU
		{9CC65F37-801F-4FE5-A660-6941BDDE0334}.Debug|Any CPU.ActiveCfg = Debug|Any CPU
		{9CC65F37-801F-4FE5-A660-6941BDDE0334}.Debug|Any CPU.Build.0 = Debug|Any CPU
		{9CC65F37-801F-4FE5-A660-6941BDDE0334}.Release|Any CPU.ActiveCfg = Release|Any CPU
		{9CC65F37-801F-4FE5-A660-6941BDDE0334}.Release|Any CPU.Build.0 = Release|Any CPU
		{FED52265-92E5-41F0-8CB0-BF394988315B}.Debug|Any CPU.ActiveCfg = Debug|Any CPU
		{FED52265-92E5-41F0-8CB0-BF394988315B}.Debug|Any CPU.Build.0 = Debug|Any CPU
		{FED52265-92E5-41F0-8CB0-BF394988315B}.Release|Any CPU.ActiveCfg = Release|Any CPU
		{FED52265-92E5-41F0-8CB0-BF394988315B}.Release|Any CPU.Build.0 = Release|Any CPU
		{8BC53A33-111F-4E6A-99B7-4E0C3E5F9D80}.Debug|Any CPU.ActiveCfg = Debug|Any CPU
		{8BC53A33-111F-4E6A-99B7-4E0C3E5F9D80}.Debug|Any CPU.Build.0 = Debug|Any CPU
		{8BC53A33-111F-4E6A-99B7-4E0C3E5F9D80}.Release|Any CPU.ActiveCfg = Release|Any CPU
		{8BC53A33-111F-4E6A-99B7-4E0C3E5F9D80}.Release|Any CPU.Build.0 = Release|Any CPU
		{C5383C50-2520-4E97-9D28-BE43559082B8}.Debug|Any CPU.ActiveCfg = Debug|Any CPU
		{C5383C50-2520-4E97-9D28-BE43559082B8}.Debug|Any CPU.Build.0 = Debug|Any CPU
		{C5383C50-2520-4E97-9D28-BE43559082B8}.Release|Any CPU.ActiveCfg = Release|Any CPU
		{C5383C50-2520-4E97-9D28-BE43559082B8}.Release|Any CPU.Build.0 = Release|Any CPU
	EndGlobalSection
	GlobalSection(SolutionProperties) = preSolution
		HideSolutionNode = FALSE
	EndGlobalSection
	GlobalSection(NestedProjects) = preSolution
		{F62965BE-8E05-408D-AB1D-40D98CA65B29} = {C332B189-960C-4708-BF8C-3286453BE231}
		{76063571-A968-4210-AA4A-83D065675D6F} = {C332B189-960C-4708-BF8C-3286453BE231}
		{FED52265-92E5-41F0-8CB0-BF394988315B} = {C332B189-960C-4708-BF8C-3286453BE231}
		{8BC53A33-111F-4E6A-99B7-4E0C3E5F9D80} = {F62965BE-8E05-408D-AB1D-40D98CA65B29}
		{C5383C50-2520-4E97-9D28-BE43559082B8} = {F62965BE-8E05-408D-AB1D-40D98CA65B29}
	EndGlobalSection
	GlobalSection(ExtensibilityGlobals) = postSolution
		SolutionGuid = {5D088720-A349-41E3-AC67-7203C07EB67E}
	EndGlobalSection
EndGlobal
