
Microsoft Visual Studio Solution File, Format Version 12.00
# Visual Studio Version 17
VisualStudioVersion = 17.4.33122.133
MinimumVisualStudioVersion = 10.0.40219.1
Project("{2150E333-8FDC-42A3-9474-1A3956D46DE8}") = "Solution Items", "Solution Items", "{0F86CE13-4C2D-4C4D-B225-4E6E6DC3BE82}"
	ProjectSection(SolutionItems) = preProject
		.editorconfig = .editorconfig
		.gitignore = .gitignore
		Packaging\CoreXF.sln.licenseheader = Packaging\CoreXF.sln.licenseheader
	EndProjectSection
EndProject
Project("{2150E333-8FDC-42A3-9474-1A3956D46DE8}") = "Demos", "Demos", "{E8C5D3D9-594A-45FB-9DFE-28030B77EA56}"
	ProjectSection(SolutionItems) = preProject
		Demos\readme.md = Demos\readme.md
	EndProjectSection
EndProject
Project("{9A19103F-16F7-4668-BE54-9A1E7A4F7556}") = "CoreXF.Abstractions", "src\Abstractions\CoreXF.Abstractions.csproj", "{2B7EF87E-4F27-411D-B055-1EC95789D10D}"
EndProject
Project("{9A19103F-16F7-4668-BE54-9A1E7A4F7556}") = "CoreXF.Framework", "src\Framework\CoreXF.Framework.csproj", "{890F27F3-573D-45B4-AD98-331A91A99607}"
EndProject
Project("{2150E333-8FDC-42A3-9474-1A3956D46DE8}") = "Packaging", "Packaging", "{D3E4CEB3-9566-43CA-AAB1-D44F8604F170}"
	ProjectSection(SolutionItems) = preProject
		Packaging\CoreXF.png = Packaging\CoreXF.png
		Packaging\CoreXF.sln.licenseheader = Packaging\CoreXF.sln.licenseheader
		Packaging\LICENSE.txt = Packaging\LICENSE.txt
		Packaging\nuget.md = Packaging\nuget.md
	EndProjectSection
EndProject
Project("{2150E333-8FDC-42A3-9474-1A3956D46DE8}") = ".netcore3.1", ".netcore3.1", "{C8D40ADC-F323-4BE4-8D8F-456370748768}"
EndProject
Project("{2150E333-8FDC-42A3-9474-1A3956D46DE8}") = "Extensions", "Extensions", "{EAD05FF2-66B6-44C5-904B-1DA69BA6F1D2}"
EndProject
Project("{2150E333-8FDC-42A3-9474-1A3956D46DE8}") = ".net6.0", ".net6.0", "{38B32583-CA69-4214-8178-56CD088E8036}"
EndProject
Project("{2150E333-8FDC-42A3-9474-1A3956D46DE8}") = "Extensions", "Extensions", "{C032A099-A37E-4C0E-9F05-6B53A7D2AAD0}"
EndProject
Project("{9A19103F-16F7-4668-BE54-9A1E7A4F7556}") = "HostApp.WebAPI", "Demos\.netcore3.1\HostApp.WebAPI\HostApp.WebAPI.csproj", "{BA909E23-D4B5-4483-AE00-2E8831EC9E08}"
EndProject
Project("{9A19103F-16F7-4668-BE54-9A1E7A4F7556}") = "HostApp.MVC", "Demos\.netcore3.1\HostApp.MVC\HostApp.MVC.csproj", "{7822ED1F-2886-4C03-B63E-E9BA29136BDC}"
EndProject
Project("{9A19103F-16F7-4668-BE54-9A1E7A4F7556}") = "HostApp.MVC", "Demos\.net6.0\HostApp.MVC\HostApp.MVC.csproj", "{BE97758C-34D6-42B4-BFF7-F1794715D526}"
EndProject
Project("{9A19103F-16F7-4668-BE54-9A1E7A4F7556}") = "HostApp.WebApi", "Demos\.net6.0\HostApp.WebApi\HostApp.WebApi.csproj", "{F45E263E-65C9-45A5-9F3D-F28C481D5C9E}"
EndProject
Project("{2150E333-8FDC-42A3-9474-1A3956D46DE8}") = "MVC", "MVC", "{046E6A5C-E6BC-4509-B50E-17DAFF15BC02}"
EndProject
Project("{9A19103F-16F7-4668-BE54-9A1E7A4F7556}") = "DateTimeService", "Demos\.netcore3.1\Extensions\MVC\DateTimeService\DateTimeService.csproj", "{C04C3BC9-E32E-4D86-8A9C-0ACB9A411B68}"
EndProject
Project("{9A19103F-16F7-4668-BE54-9A1E7A4F7556}") = "ServiceExporter", "Demos\.netcore3.1\Extensions\MVC\ServiceExporter\ServiceExporter.csproj", "{CFAF4EE7-922F-4338-9408-923EE5AD3074}"
EndProject
Project("{9A19103F-16F7-4668-BE54-9A1E7A4F7556}") = "DemoExtensionMvc", "Demos\.netcore3.1\Extensions\MVC\DemoExtensionMvc\DemoExtensionMvc.csproj", "{2C725043-D8ED-4BBE-986C-D0543FE062FF}"
EndProject
Project("{2150E333-8FDC-42A3-9474-1A3956D46DE8}") = "WebAPI", "WebAPI", "{26D93A3D-4322-40A0-9C07-2215F084D886}"
EndProject
Project("{9A19103F-16F7-4668-BE54-9A1E7A4F7556}") = "WebApiExt1", "Demos\.netcore3.1\Extensions\WebAPI\WebApiExt1\WebApiExt1.csproj", "{70630D0E-6B8B-4F9B-9FFA-7C6D99E117D6}"
EndProject
Project("{9A19103F-16F7-4668-BE54-9A1E7A4F7556}") = "WebApiExt2", "Demos\.netcore3.1\Extensions\WebAPI\WebApiExt2\WebApiExt2.csproj", "{6D1EF38A-1D05-4406-9346-F806626991DC}"
EndProject
Project("{2150E333-8FDC-42A3-9474-1A3956D46DE8}") = "MVC", "MVC", "{2350BF55-0F20-4A13-890B-DD57A2A82151}"
EndProject
Project("{2150E333-8FDC-42A3-9474-1A3956D46DE8}") = "WebAPI", "WebAPI", "{514947D3-818B-488A-9871-7DA4D61B15EE}"
EndProject
Project("{9A19103F-16F7-4668-BE54-9A1E7A4F7556}") = "ServiceExporter", "Demos\.net6.0\Extensions\MVC\ServiceExporter\ServiceExporter.csproj", "{733495F8-8853-4242-9419-669F121A67E6}"
EndProject
Project("{9A19103F-16F7-4668-BE54-9A1E7A4F7556}") = "DateTimeService", "Demos\.net6.0\Extensions\MVC\DateTimeService\DateTimeService.csproj", "{8C221579-3940-4C95-B4AB-479F9BC11A13}"
EndProject
Project("{9A19103F-16F7-4668-BE54-9A1E7A4F7556}") = "DemoExtensionMvc", "Demos\.net6.0\Extensions\MVC\DemoExtensionMvc\DemoExtensionMvc.csproj", "{CAB2B4D8-FA25-4EF7-A9EB-E294BC56DD07}"
EndProject
Project("{9A19103F-16F7-4668-BE54-9A1E7A4F7556}") = "WebApiExt1", "Demos\.net6.0\Extensions\WebAPI\WebApiExt1\WebApiExt1.csproj", "{F461947A-D0A9-40E9-96E2-20805F6ED56A}"
EndProject
Project("{9A19103F-16F7-4668-BE54-9A1E7A4F7556}") = "WebAplExt2", "Demos\.net6.0\Extensions\WebAPI\WebAplExt2\WebAplExt2.csproj", "{1D935A4A-ADF3-4F6F-829A-5D6E1DBE014A}"
EndProject
Global
	GlobalSection(SolutionConfigurationPlatforms) = preSolution
		Debug|Any CPU = Debug|Any CPU
		Release|Any CPU = Release|Any CPU
	EndGlobalSection
	GlobalSection(ProjectConfigurationPlatforms) = postSolution
		{2B7EF87E-4F27-411D-B055-1EC95789D10D}.Debug|Any CPU.ActiveCfg = Debug|Any CPU
		{2B7EF87E-4F27-411D-B055-1EC95789D10D}.Debug|Any CPU.Build.0 = Debug|Any CPU
		{2B7EF87E-4F27-411D-B055-1EC95789D10D}.Release|Any CPU.ActiveCfg = Release|Any CPU
		{2B7EF87E-4F27-411D-B055-1EC95789D10D}.Release|Any CPU.Build.0 = Release|Any CPU
		{890F27F3-573D-45B4-AD98-331A91A99607}.Debug|Any CPU.ActiveCfg = Debug|Any CPU
		{890F27F3-573D-45B4-AD98-331A91A99607}.Debug|Any CPU.Build.0 = Debug|Any CPU
		{890F27F3-573D-45B4-AD98-331A91A99607}.Release|Any CPU.ActiveCfg = Release|Any CPU
		{890F27F3-573D-45B4-AD98-331A91A99607}.Release|Any CPU.Build.0 = Release|Any CPU
		{BA909E23-D4B5-4483-AE00-2E8831EC9E08}.Debug|Any CPU.ActiveCfg = Debug|Any CPU
		{BA909E23-D4B5-4483-AE00-2E8831EC9E08}.Debug|Any CPU.Build.0 = Debug|Any CPU
		{BA909E23-D4B5-4483-AE00-2E8831EC9E08}.Release|Any CPU.ActiveCfg = Release|Any CPU
		{BA909E23-D4B5-4483-AE00-2E8831EC9E08}.Release|Any CPU.Build.0 = Release|Any CPU
		{7822ED1F-2886-4C03-B63E-E9BA29136BDC}.Debug|Any CPU.ActiveCfg = Debug|Any CPU
		{7822ED1F-2886-4C03-B63E-E9BA29136BDC}.Debug|Any CPU.Build.0 = Debug|Any CPU
		{7822ED1F-2886-4C03-B63E-E9BA29136BDC}.Release|Any CPU.ActiveCfg = Release|Any CPU
		{7822ED1F-2886-4C03-B63E-E9BA29136BDC}.Release|Any CPU.Build.0 = Release|Any CPU
		{BE97758C-34D6-42B4-BFF7-F1794715D526}.Debug|Any CPU.ActiveCfg = Debug|Any CPU
		{BE97758C-34D6-42B4-BFF7-F1794715D526}.Debug|Any CPU.Build.0 = Debug|Any CPU
		{BE97758C-34D6-42B4-BFF7-F1794715D526}.Release|Any CPU.ActiveCfg = Release|Any CPU
		{BE97758C-34D6-42B4-BFF7-F1794715D526}.Release|Any CPU.Build.0 = Release|Any CPU
		{F45E263E-65C9-45A5-9F3D-F28C481D5C9E}.Debug|Any CPU.ActiveCfg = Debug|Any CPU
		{F45E263E-65C9-45A5-9F3D-F28C481D5C9E}.Debug|Any CPU.Build.0 = Debug|Any CPU
		{F45E263E-65C9-45A5-9F3D-F28C481D5C9E}.Release|Any CPU.ActiveCfg = Release|Any CPU
		{F45E263E-65C9-45A5-9F3D-F28C481D5C9E}.Release|Any CPU.Build.0 = Release|Any CPU
		{C04C3BC9-E32E-4D86-8A9C-0ACB9A411B68}.Debug|Any CPU.ActiveCfg = Debug|Any CPU
		{C04C3BC9-E32E-4D86-8A9C-0ACB9A411B68}.Debug|Any CPU.Build.0 = Debug|Any CPU
		{C04C3BC9-E32E-4D86-8A9C-0ACB9A411B68}.Release|Any CPU.ActiveCfg = Release|Any CPU
		{C04C3BC9-E32E-4D86-8A9C-0ACB9A411B68}.Release|Any CPU.Build.0 = Release|Any CPU
		{CFAF4EE7-922F-4338-9408-923EE5AD3074}.Debug|Any CPU.ActiveCfg = Debug|Any CPU
		{CFAF4EE7-922F-4338-9408-923EE5AD3074}.Debug|Any CPU.Build.0 = Debug|Any CPU
		{CFAF4EE7-922F-4338-9408-923EE5AD3074}.Release|Any CPU.ActiveCfg = Release|Any CPU
		{CFAF4EE7-922F-4338-9408-923EE5AD3074}.Release|Any CPU.Build.0 = Release|Any CPU
		{2C725043-D8ED-4BBE-986C-D0543FE062FF}.Debug|Any CPU.ActiveCfg = Debug|Any CPU
		{2C725043-D8ED-4BBE-986C-D0543FE062FF}.Debug|Any CPU.Build.0 = Debug|Any CPU
		{2C725043-D8ED-4BBE-986C-D0543FE062FF}.Release|Any CPU.ActiveCfg = Release|Any CPU
		{2C725043-D8ED-4BBE-986C-D0543FE062FF}.Release|Any CPU.Build.0 = Release|Any CPU
		{70630D0E-6B8B-4F9B-9FFA-7C6D99E117D6}.Debug|Any CPU.ActiveCfg = Debug|Any CPU
		{70630D0E-6B8B-4F9B-9FFA-7C6D99E117D6}.Debug|Any CPU.Build.0 = Debug|Any CPU
		{70630D0E-6B8B-4F9B-9FFA-7C6D99E117D6}.Release|Any CPU.ActiveCfg = Release|Any CPU
		{70630D0E-6B8B-4F9B-9FFA-7C6D99E117D6}.Release|Any CPU.Build.0 = Release|Any CPU
		{6D1EF38A-1D05-4406-9346-F806626991DC}.Debug|Any CPU.ActiveCfg = Debug|Any CPU
		{6D1EF38A-1D05-4406-9346-F806626991DC}.Debug|Any CPU.Build.0 = Debug|Any CPU
		{6D1EF38A-1D05-4406-9346-F806626991DC}.Release|Any CPU.ActiveCfg = Release|Any CPU
		{6D1EF38A-1D05-4406-9346-F806626991DC}.Release|Any CPU.Build.0 = Release|Any CPU
		{733495F8-8853-4242-9419-669F121A67E6}.Debug|Any CPU.ActiveCfg = Debug|Any CPU
		{733495F8-8853-4242-9419-669F121A67E6}.Debug|Any CPU.Build.0 = Debug|Any CPU
		{733495F8-8853-4242-9419-669F121A67E6}.Release|Any CPU.ActiveCfg = Release|Any CPU
		{733495F8-8853-4242-9419-669F121A67E6}.Release|Any CPU.Build.0 = Release|Any CPU
		{8C221579-3940-4C95-B4AB-479F9BC11A13}.Debug|Any CPU.ActiveCfg = Debug|Any CPU
		{8C221579-3940-4C95-B4AB-479F9BC11A13}.Debug|Any CPU.Build.0 = Debug|Any CPU
		{8C221579-3940-4C95-B4AB-479F9BC11A13}.Release|Any CPU.ActiveCfg = Release|Any CPU
		{8C221579-3940-4C95-B4AB-479F9BC11A13}.Release|Any CPU.Build.0 = Release|Any CPU
		{CAB2B4D8-FA25-4EF7-A9EB-E294BC56DD07}.Debug|Any CPU.ActiveCfg = Debug|Any CPU
		{CAB2B4D8-FA25-4EF7-A9EB-E294BC56DD07}.Debug|Any CPU.Build.0 = Debug|Any CPU
		{CAB2B4D8-FA25-4EF7-A9EB-E294BC56DD07}.Release|Any CPU.ActiveCfg = Release|Any CPU
		{CAB2B4D8-FA25-4EF7-A9EB-E294BC56DD07}.Release|Any CPU.Build.0 = Release|Any CPU
		{F461947A-D0A9-40E9-96E2-20805F6ED56A}.Debug|Any CPU.ActiveCfg = Debug|Any CPU
		{F461947A-D0A9-40E9-96E2-20805F6ED56A}.Debug|Any CPU.Build.0 = Debug|Any CPU
		{F461947A-D0A9-40E9-96E2-20805F6ED56A}.Release|Any CPU.ActiveCfg = Release|Any CPU
		{F461947A-D0A9-40E9-96E2-20805F6ED56A}.Release|Any CPU.Build.0 = Release|Any CPU
		{1D935A4A-ADF3-4F6F-829A-5D6E1DBE014A}.Debug|Any CPU.ActiveCfg = Debug|Any CPU
		{1D935A4A-ADF3-4F6F-829A-5D6E1DBE014A}.Debug|Any CPU.Build.0 = Debug|Any CPU
		{1D935A4A-ADF3-4F6F-829A-5D6E1DBE014A}.Release|Any CPU.ActiveCfg = Release|Any CPU
		{1D935A4A-ADF3-4F6F-829A-5D6E1DBE014A}.Release|Any CPU.Build.0 = Release|Any CPU
	EndGlobalSection
	GlobalSection(SolutionProperties) = preSolution
		HideSolutionNode = FALSE
	EndGlobalSection
	GlobalSection(NestedProjects) = preSolution
		{C8D40ADC-F323-4BE4-8D8F-456370748768} = {E8C5D3D9-594A-45FB-9DFE-28030B77EA56}
		{EAD05FF2-66B6-44C5-904B-1DA69BA6F1D2} = {C8D40ADC-F323-4BE4-8D8F-456370748768}
		{38B32583-CA69-4214-8178-56CD088E8036} = {E8C5D3D9-594A-45FB-9DFE-28030B77EA56}
		{C032A099-A37E-4C0E-9F05-6B53A7D2AAD0} = {38B32583-CA69-4214-8178-56CD088E8036}
		{BA909E23-D4B5-4483-AE00-2E8831EC9E08} = {C8D40ADC-F323-4BE4-8D8F-456370748768}
		{7822ED1F-2886-4C03-B63E-E9BA29136BDC} = {C8D40ADC-F323-4BE4-8D8F-456370748768}
		{BE97758C-34D6-42B4-BFF7-F1794715D526} = {38B32583-CA69-4214-8178-56CD088E8036}
		{F45E263E-65C9-45A5-9F3D-F28C481D5C9E} = {38B32583-CA69-4214-8178-56CD088E8036}
		{046E6A5C-E6BC-4509-B50E-17DAFF15BC02} = {EAD05FF2-66B6-44C5-904B-1DA69BA6F1D2}
		{C04C3BC9-E32E-4D86-8A9C-0ACB9A411B68} = {046E6A5C-E6BC-4509-B50E-17DAFF15BC02}
		{CFAF4EE7-922F-4338-9408-923EE5AD3074} = {046E6A5C-E6BC-4509-B50E-17DAFF15BC02}
		{2C725043-D8ED-4BBE-986C-D0543FE062FF} = {046E6A5C-E6BC-4509-B50E-17DAFF15BC02}
		{26D93A3D-4322-40A0-9C07-2215F084D886} = {EAD05FF2-66B6-44C5-904B-1DA69BA6F1D2}
		{70630D0E-6B8B-4F9B-9FFA-7C6D99E117D6} = {26D93A3D-4322-40A0-9C07-2215F084D886}
		{6D1EF38A-1D05-4406-9346-F806626991DC} = {26D93A3D-4322-40A0-9C07-2215F084D886}
		{2350BF55-0F20-4A13-890B-DD57A2A82151} = {C032A099-A37E-4C0E-9F05-6B53A7D2AAD0}
		{514947D3-818B-488A-9871-7DA4D61B15EE} = {C032A099-A37E-4C0E-9F05-6B53A7D2AAD0}
		{733495F8-8853-4242-9419-669F121A67E6} = {2350BF55-0F20-4A13-890B-DD57A2A82151}
		{8C221579-3940-4C95-B4AB-479F9BC11A13} = {2350BF55-0F20-4A13-890B-DD57A2A82151}
		{CAB2B4D8-FA25-4EF7-A9EB-E294BC56DD07} = {2350BF55-0F20-4A13-890B-DD57A2A82151}
		{F461947A-D0A9-40E9-96E2-20805F6ED56A} = {514947D3-818B-488A-9871-7DA4D61B15EE}
		{1D935A4A-ADF3-4F6F-829A-5D6E1DBE014A} = {514947D3-818B-488A-9871-7DA4D61B15EE}
	EndGlobalSection
	GlobalSection(ExtensibilityGlobals) = postSolution
		SolutionGuid = {5D088720-A349-41E3-AC67-7203C07EB67E}
	EndGlobalSection
EndGlobal
