
Microsoft Visual Studio Solution File, Format Version 12.00
# Visual Studio Version 16
VisualStudioVersion = 16.0.29721.120
MinimumVisualStudioVersion = 10.0.40219.1
Project("{9A19103F-16F7-4668-BE54-9A1E7A4F7556}") = "CoreXF.Abstractions", "Abstractions\CoreXF.Abstractions.csproj", "{650C76C4-82DF-4CD7-9189-B827EA52A923}"
EndProject
Project("{9A19103F-16F7-4668-BE54-9A1E7A4F7556}") = "CoreXF.Framework", "Framework\CoreXF.Framework.csproj", "{9B5194D1-79AB-40F0-9AD6-15F063350931}"
EndProject
Project("{2150E333-8FDC-42A3-9474-1A3956D46DE8}") = "Demos", "Demos", "{C332B189-960C-4708-BF8C-3286453BE231}"
EndProject
Project("{9A19103F-16F7-4668-BE54-9A1E7A4F7556}") = "HostApp", "Demos\HostApp\HostApp.csproj", "{77E88810-B79B-4656-88B4-E1F9142FD552}"
EndProject
Project("{2150E333-8FDC-42A3-9474-1A3956D46DE8}") = "Extensions", "Extensions", "{F62965BE-8E05-408D-AB1D-40D98CA65B29}"
EndProject
Project("{9A19103F-16F7-4668-BE54-9A1E7A4F7556}") = "Extension1", "Demos\Extensions\Extension1\Extension1.csproj", "{F6FAB6AF-D0C7-4822-AF32-53FF4B55B5B2}"
EndProject
Project("{9A19103F-16F7-4668-BE54-9A1E7A4F7556}") = "Extension2", "Demos\Extensions\Extension2\Extension2.csproj", "{79AFD3C8-8191-462F-96EC-F193C0BACD7B}"
EndProject
Project("{9A19103F-16F7-4668-BE54-9A1E7A4F7556}") = "Extension3", "Demos\Extensions\Extension3\Extension3.csproj", "{317E4C25-7521-47B4-9FF8-9ABF8A106431}"
EndProject
Project("{9A19103F-16F7-4668-BE54-9A1E7A4F7556}") = "Extension4", "Demos\Extensions\Extension4\Extension4.csproj", "{5835B374-09F6-482C-9E66-18D919B6D3ED}"
EndProject
Project("{2150E333-8FDC-42A3-9474-1A3956D46DE8}") = "Common", "Common", "{F79D3306-2D64-4D43-B1BF-A90FDDB7BF9C}"
	ProjectSection(SolutionItems) = preProject
		Common\CoreXF.png = Common\CoreXF.png
		CoreXF.sln.licenseheader = CoreXF.sln.licenseheader
	EndProjectSection
EndProject
Project("{9A19103F-16F7-4668-BE54-9A1E7A4F7556}") = "ServiceExporter", "Demos\Extensions\ServiceExporter\ServiceExporter.csproj", "{7BF10992-F796-4573-ACD6-450872159DA7}"
EndProject
Project("{2150E333-8FDC-42A3-9474-1A3956D46DE8}") = "Common", "Common", "{76063571-A968-4210-AA4A-83D065675D6F}"
EndProject
Project("{9A19103F-16F7-4668-BE54-9A1E7A4F7556}") = "DateTimeService", "Common\DateTimeService\DateTimeService.csproj", "{379ED7FF-7C8B-435D-91A5-E97C9936CF4F}"
EndProject
Project("{9A19103F-16F7-4668-BE54-9A1E7A4F7556}") = "NotAnExtensionWebApp", "Demos\Extensions\NotAnExtensionWebApp\NotAnExtensionWebApp.csproj", "{EF2DC5C1-541A-42A2-B9ED-DB08427DE2FF}"
EndProject
Project("{9A19103F-16F7-4668-BE54-9A1E7A4F7556}") = "HostApp31", "Demos\HostApp31\HostApp31.csproj", "{44A961E7-EDA5-4726-A467-18FAD0F7C050}"
EndProject
Project("{2150E333-8FDC-42A3-9474-1A3956D46DE8}") = "Docs", "Docs", "{708B0784-097F-4A21-B5B7-F369B9F48275}"
	ProjectSection(SolutionItems) = preProject
		Docs\Advanced-Topics.md = Docs\Advanced-Topics.md
		Docs\Architecture-Overview.md = Docs\Architecture-Overview.md
		Docs\Demo-Projects.md = Docs\Demo-Projects.md
		Docs\Exporting-ViewComponents.md = Docs\Exporting-ViewComponents.md
		Docs\Extending-with-TagHelpers.md = Docs\Extending-with-TagHelpers.md
		Docs\Feedback.md = Docs\Feedback.md
		Docs\Home.md = Docs\Home.md
		Docs\index.md = Docs\index.md
		Docs\Interface-implementation.md = Docs\Interface-implementation.md
		Docs\Known-limitations.md = Docs\Known-limitations.md
		Docs\MVC-application-as-an-extension.md = Docs\MVC-application-as-an-extension.md
		Docs\Quickstart-Guide.md = Docs\Quickstart-Guide.md
		Docs\Registering-middleware-from-extensions.md = Docs\Registering-middleware-from-extensions.md
		Docs\Roadmap.md = Docs\Roadmap.md
		Docs\Sharing-DI-container-from-the-host-application.md = Docs\Sharing-DI-container-from-the-host-application.md
	EndProjectSection
EndProject
Global
	GlobalSection(SolutionConfigurationPlatforms) = preSolution
		Debug|Any CPU = Debug|Any CPU
		Release|Any CPU = Release|Any CPU
	EndGlobalSection
	GlobalSection(ProjectConfigurationPlatforms) = postSolution
		{650C76C4-82DF-4CD7-9189-B827EA52A923}.Debug|Any CPU.ActiveCfg = Debug|Any CPU
		{650C76C4-82DF-4CD7-9189-B827EA52A923}.Debug|Any CPU.Build.0 = Debug|Any CPU
		{650C76C4-82DF-4CD7-9189-B827EA52A923}.Release|Any CPU.ActiveCfg = Release|Any CPU
		{650C76C4-82DF-4CD7-9189-B827EA52A923}.Release|Any CPU.Build.0 = Release|Any CPU
		{9B5194D1-79AB-40F0-9AD6-15F063350931}.Debug|Any CPU.ActiveCfg = Debug|Any CPU
		{9B5194D1-79AB-40F0-9AD6-15F063350931}.Debug|Any CPU.Build.0 = Debug|Any CPU
		{9B5194D1-79AB-40F0-9AD6-15F063350931}.Release|Any CPU.ActiveCfg = Release|Any CPU
		{9B5194D1-79AB-40F0-9AD6-15F063350931}.Release|Any CPU.Build.0 = Release|Any CPU
		{77E88810-B79B-4656-88B4-E1F9142FD552}.Debug|Any CPU.ActiveCfg = Debug|Any CPU
		{77E88810-B79B-4656-88B4-E1F9142FD552}.Debug|Any CPU.Build.0 = Debug|Any CPU
		{77E88810-B79B-4656-88B4-E1F9142FD552}.Release|Any CPU.ActiveCfg = Release|Any CPU
		{77E88810-B79B-4656-88B4-E1F9142FD552}.Release|Any CPU.Build.0 = Release|Any CPU
		{F6FAB6AF-D0C7-4822-AF32-53FF4B55B5B2}.Debug|Any CPU.ActiveCfg = Debug|Any CPU
		{F6FAB6AF-D0C7-4822-AF32-53FF4B55B5B2}.Debug|Any CPU.Build.0 = Debug|Any CPU
		{F6FAB6AF-D0C7-4822-AF32-53FF4B55B5B2}.Release|Any CPU.ActiveCfg = Release|Any CPU
		{F6FAB6AF-D0C7-4822-AF32-53FF4B55B5B2}.Release|Any CPU.Build.0 = Release|Any CPU
		{79AFD3C8-8191-462F-96EC-F193C0BACD7B}.Debug|Any CPU.ActiveCfg = Debug|Any CPU
		{79AFD3C8-8191-462F-96EC-F193C0BACD7B}.Debug|Any CPU.Build.0 = Debug|Any CPU
		{79AFD3C8-8191-462F-96EC-F193C0BACD7B}.Release|Any CPU.ActiveCfg = Release|Any CPU
		{79AFD3C8-8191-462F-96EC-F193C0BACD7B}.Release|Any CPU.Build.0 = Release|Any CPU
		{317E4C25-7521-47B4-9FF8-9ABF8A106431}.Debug|Any CPU.ActiveCfg = Debug|Any CPU
		{317E4C25-7521-47B4-9FF8-9ABF8A106431}.Debug|Any CPU.Build.0 = Debug|Any CPU
		{317E4C25-7521-47B4-9FF8-9ABF8A106431}.Release|Any CPU.ActiveCfg = Release|Any CPU
		{317E4C25-7521-47B4-9FF8-9ABF8A106431}.Release|Any CPU.Build.0 = Release|Any CPU
		{5835B374-09F6-482C-9E66-18D919B6D3ED}.Debug|Any CPU.ActiveCfg = Debug|Any CPU
		{5835B374-09F6-482C-9E66-18D919B6D3ED}.Debug|Any CPU.Build.0 = Debug|Any CPU
		{5835B374-09F6-482C-9E66-18D919B6D3ED}.Release|Any CPU.ActiveCfg = Release|Any CPU
		{5835B374-09F6-482C-9E66-18D919B6D3ED}.Release|Any CPU.Build.0 = Release|Any CPU
		{7BF10992-F796-4573-ACD6-450872159DA7}.Debug|Any CPU.ActiveCfg = Debug|Any CPU
		{7BF10992-F796-4573-ACD6-450872159DA7}.Debug|Any CPU.Build.0 = Debug|Any CPU
		{7BF10992-F796-4573-ACD6-450872159DA7}.Release|Any CPU.ActiveCfg = Release|Any CPU
		{7BF10992-F796-4573-ACD6-450872159DA7}.Release|Any CPU.Build.0 = Release|Any CPU
		{379ED7FF-7C8B-435D-91A5-E97C9936CF4F}.Debug|Any CPU.ActiveCfg = Debug|Any CPU
		{379ED7FF-7C8B-435D-91A5-E97C9936CF4F}.Debug|Any CPU.Build.0 = Debug|Any CPU
		{379ED7FF-7C8B-435D-91A5-E97C9936CF4F}.Release|Any CPU.ActiveCfg = Release|Any CPU
		{379ED7FF-7C8B-435D-91A5-E97C9936CF4F}.Release|Any CPU.Build.0 = Release|Any CPU
		{EF2DC5C1-541A-42A2-B9ED-DB08427DE2FF}.Debug|Any CPU.ActiveCfg = Debug|Any CPU
		{EF2DC5C1-541A-42A2-B9ED-DB08427DE2FF}.Debug|Any CPU.Build.0 = Debug|Any CPU
		{EF2DC5C1-541A-42A2-B9ED-DB08427DE2FF}.Release|Any CPU.ActiveCfg = Release|Any CPU
		{EF2DC5C1-541A-42A2-B9ED-DB08427DE2FF}.Release|Any CPU.Build.0 = Release|Any CPU
		{44A961E7-EDA5-4726-A467-18FAD0F7C050}.Debug|Any CPU.ActiveCfg = Debug|Any CPU
		{44A961E7-EDA5-4726-A467-18FAD0F7C050}.Debug|Any CPU.Build.0 = Debug|Any CPU
		{44A961E7-EDA5-4726-A467-18FAD0F7C050}.Release|Any CPU.ActiveCfg = Release|Any CPU
		{44A961E7-EDA5-4726-A467-18FAD0F7C050}.Release|Any CPU.Build.0 = Release|Any CPU
	EndGlobalSection
	GlobalSection(SolutionProperties) = preSolution
		HideSolutionNode = FALSE
	EndGlobalSection
	GlobalSection(NestedProjects) = preSolution
		{77E88810-B79B-4656-88B4-E1F9142FD552} = {C332B189-960C-4708-BF8C-3286453BE231}
		{F62965BE-8E05-408D-AB1D-40D98CA65B29} = {C332B189-960C-4708-BF8C-3286453BE231}
		{F6FAB6AF-D0C7-4822-AF32-53FF4B55B5B2} = {F62965BE-8E05-408D-AB1D-40D98CA65B29}
		{79AFD3C8-8191-462F-96EC-F193C0BACD7B} = {F62965BE-8E05-408D-AB1D-40D98CA65B29}
		{317E4C25-7521-47B4-9FF8-9ABF8A106431} = {F62965BE-8E05-408D-AB1D-40D98CA65B29}
		{5835B374-09F6-482C-9E66-18D919B6D3ED} = {F62965BE-8E05-408D-AB1D-40D98CA65B29}
		{7BF10992-F796-4573-ACD6-450872159DA7} = {F62965BE-8E05-408D-AB1D-40D98CA65B29}
		{76063571-A968-4210-AA4A-83D065675D6F} = {C332B189-960C-4708-BF8C-3286453BE231}
		{379ED7FF-7C8B-435D-91A5-E97C9936CF4F} = {76063571-A968-4210-AA4A-83D065675D6F}
		{EF2DC5C1-541A-42A2-B9ED-DB08427DE2FF} = {F62965BE-8E05-408D-AB1D-40D98CA65B29}
		{44A961E7-EDA5-4726-A467-18FAD0F7C050} = {C332B189-960C-4708-BF8C-3286453BE231}
	EndGlobalSection
	GlobalSection(ExtensibilityGlobals) = postSolution
		SolutionGuid = {5D088720-A349-41E3-AC67-7203C07EB67E}
	EndGlobalSection
EndGlobal
